
Microsoft Visual Studio Solution File, Format Version 12.00
# Visual Studio Version 17
VisualStudioVersion = 17.10.35013.160
MinimumVisualStudioVersion = 10.0.40219.1
Project("{FAE04EC0-301F-11D3-BF4B-00C04F79EFBC}") = "TicTacToeAssn", "TicTacToeAssn.csproj", "{4F609A20-5192-402C-84C8-0DE7B1FE1235}"
EndProject
Global
	GlobalSection(SolutionConfigurationPlatforms) = preSolution
		Debug|Any CPU = Debug|Any CPU
		Release|Any CPU = Release|Any CPU
	EndGlobalSection
	GlobalSection(ProjectConfigurationPlatforms) = postSolution
		{4F609A20-5192-402C-84C8-0DE7B1FE1235}.Debug|Any CPU.ActiveCfg = Debug|Any CPU
		{4F609A20-5192-402C-84C8-0DE7B1FE1235}.Debug|Any CPU.Build.0 = Debug|Any CPU
		{4F609A20-5192-402C-84C8-0DE7B1FE1235}.Release|Any CPU.ActiveCfg = Release|Any CPU
		{4F609A20-5192-402C-84C8-0DE7B1FE1235}.Release|Any CPU.Build.0 = Release|Any CPU
	EndGlobalSection
	GlobalSection(SolutionProperties) = preSolution
		HideSolutionNode = FALSE
	EndGlobalSection
	GlobalSection(ExtensibilityGlobals) = postSolution
		SolutionGuid = {E80B58F3-B00A-453E-A9B7-A88D4ED9F90B}
	EndGlobalSection
EndGlobal
